{
  "version": 4,
  "terraform_version": "1.4.4",
  "serial": 14,
  "lineage": "fa5442cd-6cfc-b01d-65e3-6b2b68156a17",
  "outputs": {},
  "resources": [
    {
      "mode": "managed",
      "type": "aws_instance",
      "name": "dove-inst",
      "provider": "provider[\"registry.terraform.io/hashicorp/aws\"]",
      "instances": [
        {
          "schema_version": 1,
          "attributes": {
            "ami": "ami-03657b56516ab7912",
            "arn": "arn:aws:ec2:us-east-2:587952148080:instance/i-0c453e64f94a14831",
            "associate_public_ip_address": true,
            "availability_zone": "us-east-2a",
            "capacity_reservation_specification": [
              {
                "capacity_reservation_preference": "open",
                "capacity_reservation_target": []
              }
            ],
            "cpu_core_count": 1,
            "cpu_threads_per_core": 1,
            "credit_specification": [
              {
                "cpu_credits": "standard"
              }
            ],
            "disable_api_stop": false,
            "disable_api_termination": false,
            "ebs_block_device": [],
            "ebs_optimized": false,
            "enclave_options": [
              {
                "enabled": false
              }
            ],
            "ephemeral_block_device": [],
            "get_password_data": false,
            "hibernation": false,
            "host_id": "",
            "host_resource_group_arn": null,
            "iam_instance_profile": "",
            "id": "i-0c453e64f94a14831",
            "instance_initiated_shutdown_behavior": "stop",
            "instance_state": "running",
            "instance_type": "t2.micro",
            "ipv6_address_count": 0,
            "ipv6_addresses": [],
            "key_name": "dovekey",
            "launch_template": [],
            "maintenance_options": [
              {
                "auto_recovery": "default"
              }
            ],
            "metadata_options": [
              {
                "http_endpoint": "enabled",
                "http_put_response_hop_limit": 1,
                "http_tokens": "optional",
                "instance_metadata_tags": "disabled"
              }
            ],
            "monitoring": false,
            "network_interface": [],
            "outpost_arn": "",
            "password_data": "",
            "placement_group": "",
            "placement_partition_number": 0,
            "primary_network_interface_id": "eni-0c22a5348b82c15a9",
            "private_dns": "ip-172-31-0-139.us-east-2.compute.internal",
            "private_dns_name_options": [
              {
                "enable_resource_name_dns_a_record": false,
                "enable_resource_name_dns_aaaa_record": false,
                "hostname_type": "ip-name"
              }
            ],
            "private_ip": "172.31.0.139",
            "public_dns": "ec2-18-224-64-245.us-east-2.compute.amazonaws.com",
            "public_ip": "18.224.64.245",
            "root_block_device": [
              {
                "delete_on_termination": true,
                "device_name": "/dev/xvda",
                "encrypted": false,
                "iops": 100,
                "kms_key_id": "",
                "tags": {},
                "throughput": 0,
                "volume_id": "vol-07cd81e8b443ca0ea",
                "volume_size": 8,
                "volume_type": "gp2"
              }
            ],
            "secondary_private_ips": [],
            "security_groups": [
              "default"
            ],
            "source_dest_check": true,
            "subnet_id": "subnet-0bec914388ff2e818",
            "tags": {
              "Name": "Dove-Instance",
              "Project": "Dove"
            },
            "tags_all": {
              "Name": "Dove-Instance",
              "Project": "Dove"
            },
            "tenancy": "default",
            "timeouts": null,
            "user_data": null,
            "user_data_base64": null,
            "user_data_replace_on_change": false,
            "volume_tags": null,
            "vpc_security_group_ids": [
              "sg-0734f795c7d941717"
            ]
          },
          "sensitive_attributes": [],
          "private": "eyJlMmJmYjczMC1lY2FhLTExZTYtOGY4OC0zNDM2M2JjN2M0YzAiOnsiY3JlYXRlIjo2MDAwMDAwMDAwMDAsImRlbGV0ZSI6MTIwMDAwMDAwMDAwMCwidXBkYXRlIjo2MDAwMDAwMDAwMDB9LCJzY2hlbWFfdmVyc2lvbiI6IjEifQ==",
          "dependencies": [
            "aws_key_pair.dove-key"
          ]
        }
      ]
    },
    {
      "mode": "managed",
      "type": "aws_key_pair",
      "name": "dove-key",
      "provider": "provider[\"registry.terraform.io/hashicorp/aws\"]",
      "instances": [
        {
          "schema_version": 1,
          "attributes": {
            "arn": "arn:aws:ec2:us-east-2:587952148080:key-pair/dovekey",
            "fingerprint": "a7:41:ad:2c:db:31:83:3c:d0:56:7b:be:4f:bd:21:d7",
            "id": "dovekey",
            "key_name": "dovekey",
            "key_name_prefix": "",
            "key_pair_id": "key-014a64a12b74af8b9",
            "key_type": "rsa",
            "public_key": "ssh-rsa AAAAB3NzaC1yc2EAAAADAQABAAABgQDXb3HV6c39PcgnTNkUk3wjCopwUZKteSUPW27N4yAxAoq7csph2RaJ1eQmqZVc0FhlzRO54f+3lXztoxu8VzTV5XjtAe7BgHsWPiUTu1bLugG/3ZoSXa20VsCPxB2jFaM/XeVgopB8gDFaAnwoyhjZXCd8v0yWfmYdffPUk/5KBIdUzf5Py9J5eFSSzxsbGRRbHqOGV2l9uWLGe2g3LXpHgRNoJd0lXEjuaIZH0tWBKCBW4XiKun+pGLEDHaBLm6m2hqXYjt9mCKcqlGlGIi+jS8P4677UVFytjZKf4MiIZzMAZWwsC+93afoMT+GIYsqbI60oSTF3cisnIgUdolxLV8qx586AKmuVqCrBuegxWmO6dFBnyMJyKtVOFcn9lEhkejv2ccuaYz2R7IAkCAwTuDolYgesfJVUX9dgG59jtHc7g/jw2zZ6hzZBJLAxWBGpGgru4W1Z8Im1s6Rts735WfKcm3Ij5bnGjmOdE1yCTIC5dUgrHKCuWqDSQRKiBcc= lovel@Cadgetboy",
            "tags": {},
            "tags_all": {}
          },
          "sensitive_attributes": [],
          "private": "eyJzY2hlbWFfdmVyc2lvbiI6IjEifQ=="
        }
      ]
    }
  ],
  "check_results": null
}
